
Microsoft Visual Studio Solution File, Format Version 12.00
# Visual Studio Version 17
VisualStudioVersion = 17.3.32611.2
MinimumVisualStudioVersion = 10.0.40219.1
Project("{9A19103F-16F7-4668-BE54-9A1E7A4F7556}") = "327A", "327A\327A.csproj", "{2A1B3B83-92A4-40E8-BE21-A0144D5DE03E}"
EndProject
Project("{9A19103F-16F7-4668-BE54-9A1E7A4F7556}") = "474B", "474B\474B.csproj", "{78A232AC-1F9D-415A-A9CC-D61CBE8C3C53}"
EndProject
Project("{9A19103F-16F7-4668-BE54-9A1E7A4F7556}") = "1343C", "1343C\1343C.csproj", "{8776EB0D-5D85-451F-9B8A-FA0D89AA9526}"
EndProject
Project("{9A19103F-16F7-4668-BE54-9A1E7A4F7556}") = "1352C", "1352C\1352C.csproj", "{260A4E60-957A-475F-887D-A3E83F4CFF37}"
EndProject
Project("{9A19103F-16F7-4668-BE54-9A1E7A4F7556}") = "1363A", "1363A\1363A.csproj", "{9D970A6F-6326-4037-B0DC-C2D42C8EEF9A}"
EndProject
Project("{9A19103F-16F7-4668-BE54-9A1E7A4F7556}") = "1520D", "1520D\1520D.csproj", "{EBB2A238-871A-4BDF-8E45-A8EC629B9C4E}"
EndProject
Project("{9A19103F-16F7-4668-BE54-9A1E7A4F7556}") = "1352B", "1352B\1352B.csproj", "{6C2691D7-7D43-4C62-ACAA-D4785919C8DE}"
EndProject
Project("{9A19103F-16F7-4668-BE54-9A1E7A4F7556}") = "514A", "514A\514A.csproj", "{DDA1433F-0F44-45C8-988F-B6330CF87F45}"
EndProject
Project("{9A19103F-16F7-4668-BE54-9A1E7A4F7556}") = "459A", "459A\459A.csproj", "{BA022402-086A-4327-B620-CF95051BFA75}"
EndProject
Project("{9A19103F-16F7-4668-BE54-9A1E7A4F7556}") = "1328C", "1328C\1328C.csproj", "{7ECA8C84-7705-4740-995E-478BD1CF7524}"
EndProject
Project("{9A19103F-16F7-4668-BE54-9A1E7A4F7556}") = "433B", "433B\433B.csproj", "{0DCF1B96-82D2-419E-A885-9F97AAEC2F1B}"
EndProject
Project("{9A19103F-16F7-4668-BE54-9A1E7A4F7556}") = "1399C", "1399C\1399C.csproj", "{E8FF6495-6C3A-44FD-BEF1-AEBB00505019}"
EndProject
Project("{9A19103F-16F7-4668-BE54-9A1E7A4F7556}") = "1354B", "1354B\1354B.csproj", "{5791C6CC-BEFD-485B-AC33-92847584EA2F}"
EndProject
Project("{9A19103F-16F7-4668-BE54-9A1E7A4F7556}") = "1385C", "1385C\1385C.csproj", "{B14911BE-761F-47E9-8969-592577633576}"
EndProject
Project("{9A19103F-16F7-4668-BE54-9A1E7A4F7556}") = "977C", "977C\977C.csproj", "{E718D0F1-7B74-4DB5-8B79-D2F44878315D}"
EndProject
Project("{9A19103F-16F7-4668-BE54-9A1E7A4F7556}") = "1624A", "1624A\1624A.csproj", "{38F83683-074A-4000-8A7C-19247D5B7E08}"
EndProject
Project("{9A19103F-16F7-4668-BE54-9A1E7A4F7556}") = "1692A", "1692A\1692A.csproj", "{89507217-154B-47FB-BBD2-6BC68E2D776E}"
EndProject
Project("{9A19103F-16F7-4668-BE54-9A1E7A4F7556}") = "1619A", "1619A\1619A.csproj", "{6ECC39FB-DD55-4135-81EA-3480F3A73796}"
EndProject
Project("{9A19103F-16F7-4668-BE54-9A1E7A4F7556}") = "1426A", "1426A\1426A.csproj", "{E0C47912-456B-4917-91EB-0B0B8A1DCE42}"
EndProject
Project("{9A19103F-16F7-4668-BE54-9A1E7A4F7556}") = "80A", "80A\80A.csproj", "{33C642BF-CD8E-43C6-8780-D72F45672AB7}"
EndProject
Project("{9A19103F-16F7-4668-BE54-9A1E7A4F7556}") = "1676A", "1676A\1676A.csproj", "{5FB520D0-D63C-4E31-AF6A-2447084647AD}"
EndProject
Project("{9A19103F-16F7-4668-BE54-9A1E7A4F7556}") = "1462A", "1462A\1462A.csproj", "{84D1A151-7428-49B3-9ACD-64617F485D1C}"
EndProject
Project("{9A19103F-16F7-4668-BE54-9A1E7A4F7556}") = "731A", "731A\731A.csproj", "{DEB0C73B-9A64-4F53-9BB3-1CBC242D5619}"
EndProject
Project("{9A19103F-16F7-4668-BE54-9A1E7A4F7556}") = "1296A", "1296A\1296A.csproj", "{F3CD2DB9-6B56-4C4A-B82E-657CC93E4777}"
EndProject
Project("{9A19103F-16F7-4668-BE54-9A1E7A4F7556}") = "959A", "959A\959A.csproj", "{49E3F56B-30AE-49FB-8423-55AB8BD4093B}"
EndProject
Project("{9A19103F-16F7-4668-BE54-9A1E7A4F7556}") = "1669A", "1669A\1669A.csproj", "{C2F47D81-5086-4664-9776-63FD631BA5C2}"
EndProject
Project("{9A19103F-16F7-4668-BE54-9A1E7A4F7556}") = "1579A", "1579A\1579A.csproj", "{E2ECAC5D-DA76-4062-BA20-B89E7F7BCB0D}"
EndProject
Project("{9A19103F-16F7-4668-BE54-9A1E7A4F7556}") = "1542A", "1542A\1542A.csproj", "{64653178-1C0E-4CB2-B5F1-715BE4A24ED3}"
EndProject
Project("{9A19103F-16F7-4668-BE54-9A1E7A4F7556}") = "1325A", "1325A\1325A.csproj", "{2A330BFF-09B6-4F93-BC5A-5650AE4FF1F4}"
EndProject
Project("{9A19103F-16F7-4668-BE54-9A1E7A4F7556}") = "1703A", "1703A\1703A.csproj", "{2C475C08-0D6B-4DAB-A71F-2CA74E6FD348}"
EndProject
Project("{9A19103F-16F7-4668-BE54-9A1E7A4F7556}") = "1097A", "1097A\1097A.csproj", "{45009EB1-7D93-4B09-ACF0-2F27891E9633}"
EndProject
Project("{9A19103F-16F7-4668-BE54-9A1E7A4F7556}") = "1389A", "1389A\1389A.csproj", "{ABA6152A-12AF-4AD5-BAAA-F559F8B388ED}"
EndProject
Project("{9A19103F-16F7-4668-BE54-9A1E7A4F7556}") = "1325B", "1325B\1325B.csproj", "{BB8F6E78-FE1E-4170-9102-0A7DE1211F71}"
EndProject
Project("{9A19103F-16F7-4668-BE54-9A1E7A4F7556}") = "1607A", "1607A\1607A.csproj", "{1D55F409-98E4-437F-A252-CCCAE5659A45}"
EndProject
Project("{9A19103F-16F7-4668-BE54-9A1E7A4F7556}") = "1676B", "1676B\1676B.csproj", "{7BBD50FF-E716-4707-A812-886273743B18}"
EndProject
Project("{9A19103F-16F7-4668-BE54-9A1E7A4F7556}") = "1538A", "1538A\1538A.csproj", "{529C984F-23C0-48DC-A17C-D4B678D08352}"
EndProject
Project("{9A19103F-16F7-4668-BE54-9A1E7A4F7556}") = "702A", "702A\702A.csproj", "{3FA29191-C1C3-43AA-9DC9-98C550E3E7D8}"
EndProject
Project("{9A19103F-16F7-4668-BE54-9A1E7A4F7556}") = "233A", "233A\233A.csproj", "{2C8886A3-6488-46E5-B67D-6878DF3D77C7}"
EndProject
Project("{9A19103F-16F7-4668-BE54-9A1E7A4F7556}") = "1337A", "1337A\1337A.csproj", "{7ED0202D-2121-4A15-8EC4-6256A4BA2AF8}"
EndProject
Project("{9A19103F-16F7-4668-BE54-9A1E7A4F7556}") = "1560B", "1560B\1560B.csproj", "{2C854426-DBC9-48BA-B708-0918AF4CCFDD}"
EndProject
Project("{9A19103F-16F7-4668-BE54-9A1E7A4F7556}") = "1186A", "1186A\1186A.csproj", "{26FA4348-1812-485B-A01E-41F65D7789D9}"
EndProject
Project("{9A19103F-16F7-4668-BE54-9A1E7A4F7556}") = "1660A", "1660A\1660A.csproj", "{951A8C89-5D4F-4439-87B0-E1C9165BCFBF}"
EndProject
Project("{9A19103F-16F7-4668-BE54-9A1E7A4F7556}") = "1593A", "1593A\1593A.csproj", "{DA20F202-5BD6-41AD-B3A7-2A26319BD184}"
EndProject
Project("{9A19103F-16F7-4668-BE54-9A1E7A4F7556}") = "1537A", "1537A\1537A.csproj", "{97368563-A54B-4071-A0B3-0BB0CB62F39B}"
EndProject
Project("{9A19103F-16F7-4668-BE54-9A1E7A4F7556}") = "1368A", "1368A\1368A.csproj", "{D5C36ED4-3EBD-4D31-9937-5257AA5FA1EA}"
EndProject
Project("{9A19103F-16F7-4668-BE54-9A1E7A4F7556}") = "1372A", "1372A\1372A.csproj", "{46FC000B-69A6-4DF7-94F0-BC485587D44F}"
EndProject
Project("{9A19103F-16F7-4668-BE54-9A1E7A4F7556}") = "1650A", "1650A\1650A.csproj", "{66517239-B665-4DCC-9E81-064F3CDB6641}"
EndProject
Project("{9A19103F-16F7-4668-BE54-9A1E7A4F7556}") = "1473A", "1473A\1473A.csproj", "{1E73C73C-5C88-403B-8058-D5A9A6A07842}"
EndProject
Project("{9A19103F-16F7-4668-BE54-9A1E7A4F7556}") = "1703B", "1703B\1703B.csproj", "{6DE7EA83-B826-4EC3-9E71-7F00392CBEF6}"
EndProject
Project("{9A19103F-16F7-4668-BE54-9A1E7A4F7556}") = "1538B", "1538B\1538B.csproj", "{ADA98327-0724-4F36-B038-D5D4FFFAA6B4}"
EndProject
Project("{9A19103F-16F7-4668-BE54-9A1E7A4F7556}") = "978B", "978B\978B.csproj", "{CCB7BE48-80C2-455B-A5A4-8DA1D080FA22}"
EndProject
Project("{9A19103F-16F7-4668-BE54-9A1E7A4F7556}") = "540A", "540A\540A.csproj", "{6740DC2C-C2C5-44B8-A76D-B03B78B2CEC1}"
EndProject
Project("{9A19103F-16F7-4668-BE54-9A1E7A4F7556}") = "1527A", "1527A\1527A.csproj", "{77294743-6C04-447C-B1AF-9FC777BE7718}"
EndProject
Project("{9A19103F-16F7-4668-BE54-9A1E7A4F7556}") = "1490A", "1490A\1490A.csproj", "{41701298-BA62-4076-B38D-0C63AB7A5883}"
EndProject
Project("{9A19103F-16F7-4668-BE54-9A1E7A4F7556}") = "1690A", "1690A\1690A.csproj", "{43633B37-5CF9-4082-9FBB-E744023CC05C}"
EndProject
Project("{9A19103F-16F7-4668-BE54-9A1E7A4F7556}") = "1506A", "1506A\1506A.csproj", "{DDB97DBD-36E5-4E85-81BC-BD80679B40C0}"
EndProject
Project("{FAE04EC0-301F-11D3-BF4B-00C04F79EFBC}") = "1618A", "1618A\1618A.csproj", "{5E551CE9-0903-4382-B2B7-122C3EB7B4C4}"
EndProject
Global
	GlobalSection(SolutionConfigurationPlatforms) = preSolution
		Debug|Any CPU = Debug|Any CPU
		Release|Any CPU = Release|Any CPU
	EndGlobalSection
	GlobalSection(ProjectConfigurationPlatforms) = postSolution
		{2A1B3B83-92A4-40E8-BE21-A0144D5DE03E}.Debug|Any CPU.ActiveCfg = Debug|Any CPU
		{2A1B3B83-92A4-40E8-BE21-A0144D5DE03E}.Debug|Any CPU.Build.0 = Debug|Any CPU
		{2A1B3B83-92A4-40E8-BE21-A0144D5DE03E}.Release|Any CPU.ActiveCfg = Release|Any CPU
		{2A1B3B83-92A4-40E8-BE21-A0144D5DE03E}.Release|Any CPU.Build.0 = Release|Any CPU
		{78A232AC-1F9D-415A-A9CC-D61CBE8C3C53}.Debug|Any CPU.ActiveCfg = Debug|Any CPU
		{78A232AC-1F9D-415A-A9CC-D61CBE8C3C53}.Debug|Any CPU.Build.0 = Debug|Any CPU
		{78A232AC-1F9D-415A-A9CC-D61CBE8C3C53}.Release|Any CPU.ActiveCfg = Release|Any CPU
		{78A232AC-1F9D-415A-A9CC-D61CBE8C3C53}.Release|Any CPU.Build.0 = Release|Any CPU
		{8776EB0D-5D85-451F-9B8A-FA0D89AA9526}.Debug|Any CPU.ActiveCfg = Debug|Any CPU
		{8776EB0D-5D85-451F-9B8A-FA0D89AA9526}.Debug|Any CPU.Build.0 = Debug|Any CPU
		{8776EB0D-5D85-451F-9B8A-FA0D89AA9526}.Release|Any CPU.ActiveCfg = Release|Any CPU
		{8776EB0D-5D85-451F-9B8A-FA0D89AA9526}.Release|Any CPU.Build.0 = Release|Any CPU
		{260A4E60-957A-475F-887D-A3E83F4CFF37}.Debug|Any CPU.ActiveCfg = Debug|Any CPU
		{260A4E60-957A-475F-887D-A3E83F4CFF37}.Debug|Any CPU.Build.0 = Debug|Any CPU
		{260A4E60-957A-475F-887D-A3E83F4CFF37}.Release|Any CPU.ActiveCfg = Release|Any CPU
		{260A4E60-957A-475F-887D-A3E83F4CFF37}.Release|Any CPU.Build.0 = Release|Any CPU
		{9D970A6F-6326-4037-B0DC-C2D42C8EEF9A}.Debug|Any CPU.ActiveCfg = Debug|Any CPU
		{9D970A6F-6326-4037-B0DC-C2D42C8EEF9A}.Debug|Any CPU.Build.0 = Debug|Any CPU
		{9D970A6F-6326-4037-B0DC-C2D42C8EEF9A}.Release|Any CPU.ActiveCfg = Release|Any CPU
		{9D970A6F-6326-4037-B0DC-C2D42C8EEF9A}.Release|Any CPU.Build.0 = Release|Any CPU
		{EBB2A238-871A-4BDF-8E45-A8EC629B9C4E}.Debug|Any CPU.ActiveCfg = Debug|Any CPU
		{EBB2A238-871A-4BDF-8E45-A8EC629B9C4E}.Debug|Any CPU.Build.0 = Debug|Any CPU
		{EBB2A238-871A-4BDF-8E45-A8EC629B9C4E}.Release|Any CPU.ActiveCfg = Release|Any CPU
		{EBB2A238-871A-4BDF-8E45-A8EC629B9C4E}.Release|Any CPU.Build.0 = Release|Any CPU
		{6C2691D7-7D43-4C62-ACAA-D4785919C8DE}.Debug|Any CPU.ActiveCfg = Debug|Any CPU
		{6C2691D7-7D43-4C62-ACAA-D4785919C8DE}.Debug|Any CPU.Build.0 = Debug|Any CPU
		{6C2691D7-7D43-4C62-ACAA-D4785919C8DE}.Release|Any CPU.ActiveCfg = Release|Any CPU
		{6C2691D7-7D43-4C62-ACAA-D4785919C8DE}.Release|Any CPU.Build.0 = Release|Any CPU
		{DDA1433F-0F44-45C8-988F-B6330CF87F45}.Debug|Any CPU.ActiveCfg = Debug|Any CPU
		{DDA1433F-0F44-45C8-988F-B6330CF87F45}.Debug|Any CPU.Build.0 = Debug|Any CPU
		{DDA1433F-0F44-45C8-988F-B6330CF87F45}.Release|Any CPU.ActiveCfg = Release|Any CPU
		{DDA1433F-0F44-45C8-988F-B6330CF87F45}.Release|Any CPU.Build.0 = Release|Any CPU
		{BA022402-086A-4327-B620-CF95051BFA75}.Debug|Any CPU.ActiveCfg = Debug|Any CPU
		{BA022402-086A-4327-B620-CF95051BFA75}.Debug|Any CPU.Build.0 = Debug|Any CPU
		{BA022402-086A-4327-B620-CF95051BFA75}.Release|Any CPU.ActiveCfg = Release|Any CPU
		{BA022402-086A-4327-B620-CF95051BFA75}.Release|Any CPU.Build.0 = Release|Any CPU
		{7ECA8C84-7705-4740-995E-478BD1CF7524}.Debug|Any CPU.ActiveCfg = Debug|Any CPU
		{7ECA8C84-7705-4740-995E-478BD1CF7524}.Debug|Any CPU.Build.0 = Debug|Any CPU
		{7ECA8C84-7705-4740-995E-478BD1CF7524}.Release|Any CPU.ActiveCfg = Release|Any CPU
		{7ECA8C84-7705-4740-995E-478BD1CF7524}.Release|Any CPU.Build.0 = Release|Any CPU
		{0DCF1B96-82D2-419E-A885-9F97AAEC2F1B}.Debug|Any CPU.ActiveCfg = Debug|Any CPU
		{0DCF1B96-82D2-419E-A885-9F97AAEC2F1B}.Debug|Any CPU.Build.0 = Debug|Any CPU
		{0DCF1B96-82D2-419E-A885-9F97AAEC2F1B}.Release|Any CPU.ActiveCfg = Release|Any CPU
		{0DCF1B96-82D2-419E-A885-9F97AAEC2F1B}.Release|Any CPU.Build.0 = Release|Any CPU
		{E8FF6495-6C3A-44FD-BEF1-AEBB00505019}.Debug|Any CPU.ActiveCfg = Debug|Any CPU
		{E8FF6495-6C3A-44FD-BEF1-AEBB00505019}.Debug|Any CPU.Build.0 = Debug|Any CPU
		{E8FF6495-6C3A-44FD-BEF1-AEBB00505019}.Release|Any CPU.ActiveCfg = Release|Any CPU
		{E8FF6495-6C3A-44FD-BEF1-AEBB00505019}.Release|Any CPU.Build.0 = Release|Any CPU
		{5791C6CC-BEFD-485B-AC33-92847584EA2F}.Debug|Any CPU.ActiveCfg = Debug|Any CPU
		{5791C6CC-BEFD-485B-AC33-92847584EA2F}.Debug|Any CPU.Build.0 = Debug|Any CPU
		{5791C6CC-BEFD-485B-AC33-92847584EA2F}.Release|Any CPU.ActiveCfg = Release|Any CPU
		{5791C6CC-BEFD-485B-AC33-92847584EA2F}.Release|Any CPU.Build.0 = Release|Any CPU
		{B14911BE-761F-47E9-8969-592577633576}.Debug|Any CPU.ActiveCfg = Debug|Any CPU
		{B14911BE-761F-47E9-8969-592577633576}.Debug|Any CPU.Build.0 = Debug|Any CPU
		{B14911BE-761F-47E9-8969-592577633576}.Release|Any CPU.ActiveCfg = Release|Any CPU
		{B14911BE-761F-47E9-8969-592577633576}.Release|Any CPU.Build.0 = Release|Any CPU
		{E718D0F1-7B74-4DB5-8B79-D2F44878315D}.Debug|Any CPU.ActiveCfg = Debug|Any CPU
		{E718D0F1-7B74-4DB5-8B79-D2F44878315D}.Debug|Any CPU.Build.0 = Debug|Any CPU
		{E718D0F1-7B74-4DB5-8B79-D2F44878315D}.Release|Any CPU.ActiveCfg = Release|Any CPU
		{E718D0F1-7B74-4DB5-8B79-D2F44878315D}.Release|Any CPU.Build.0 = Release|Any CPU
		{38F83683-074A-4000-8A7C-19247D5B7E08}.Debug|Any CPU.ActiveCfg = Debug|Any CPU
		{38F83683-074A-4000-8A7C-19247D5B7E08}.Debug|Any CPU.Build.0 = Debug|Any CPU
		{38F83683-074A-4000-8A7C-19247D5B7E08}.Release|Any CPU.ActiveCfg = Release|Any CPU
		{38F83683-074A-4000-8A7C-19247D5B7E08}.Release|Any CPU.Build.0 = Release|Any CPU
		{89507217-154B-47FB-BBD2-6BC68E2D776E}.Debug|Any CPU.ActiveCfg = Debug|Any CPU
		{89507217-154B-47FB-BBD2-6BC68E2D776E}.Debug|Any CPU.Build.0 = Debug|Any CPU
		{89507217-154B-47FB-BBD2-6BC68E2D776E}.Release|Any CPU.ActiveCfg = Release|Any CPU
		{89507217-154B-47FB-BBD2-6BC68E2D776E}.Release|Any CPU.Build.0 = Release|Any CPU
		{6ECC39FB-DD55-4135-81EA-3480F3A73796}.Debug|Any CPU.ActiveCfg = Debug|Any CPU
		{6ECC39FB-DD55-4135-81EA-3480F3A73796}.Debug|Any CPU.Build.0 = Debug|Any CPU
		{6ECC39FB-DD55-4135-81EA-3480F3A73796}.Release|Any CPU.ActiveCfg = Release|Any CPU
		{6ECC39FB-DD55-4135-81EA-3480F3A73796}.Release|Any CPU.Build.0 = Release|Any CPU
		{E0C47912-456B-4917-91EB-0B0B8A1DCE42}.Debug|Any CPU.ActiveCfg = Debug|Any CPU
		{E0C47912-456B-4917-91EB-0B0B8A1DCE42}.Debug|Any CPU.Build.0 = Debug|Any CPU
		{E0C47912-456B-4917-91EB-0B0B8A1DCE42}.Release|Any CPU.ActiveCfg = Release|Any CPU
		{E0C47912-456B-4917-91EB-0B0B8A1DCE42}.Release|Any CPU.Build.0 = Release|Any CPU
		{33C642BF-CD8E-43C6-8780-D72F45672AB7}.Debug|Any CPU.ActiveCfg = Debug|Any CPU
		{33C642BF-CD8E-43C6-8780-D72F45672AB7}.Debug|Any CPU.Build.0 = Debug|Any CPU
		{33C642BF-CD8E-43C6-8780-D72F45672AB7}.Release|Any CPU.ActiveCfg = Release|Any CPU
		{33C642BF-CD8E-43C6-8780-D72F45672AB7}.Release|Any CPU.Build.0 = Release|Any CPU
		{5FB520D0-D63C-4E31-AF6A-2447084647AD}.Debug|Any CPU.ActiveCfg = Debug|Any CPU
		{5FB520D0-D63C-4E31-AF6A-2447084647AD}.Debug|Any CPU.Build.0 = Debug|Any CPU
		{5FB520D0-D63C-4E31-AF6A-2447084647AD}.Release|Any CPU.ActiveCfg = Release|Any CPU
		{5FB520D0-D63C-4E31-AF6A-2447084647AD}.Release|Any CPU.Build.0 = Release|Any CPU
		{84D1A151-7428-49B3-9ACD-64617F485D1C}.Debug|Any CPU.ActiveCfg = Debug|Any CPU
		{84D1A151-7428-49B3-9ACD-64617F485D1C}.Debug|Any CPU.Build.0 = Debug|Any CPU
		{84D1A151-7428-49B3-9ACD-64617F485D1C}.Release|Any CPU.ActiveCfg = Release|Any CPU
		{84D1A151-7428-49B3-9ACD-64617F485D1C}.Release|Any CPU.Build.0 = Release|Any CPU
		{DEB0C73B-9A64-4F53-9BB3-1CBC242D5619}.Debug|Any CPU.ActiveCfg = Debug|Any CPU
		{DEB0C73B-9A64-4F53-9BB3-1CBC242D5619}.Debug|Any CPU.Build.0 = Debug|Any CPU
		{DEB0C73B-9A64-4F53-9BB3-1CBC242D5619}.Release|Any CPU.ActiveCfg = Release|Any CPU
		{DEB0C73B-9A64-4F53-9BB3-1CBC242D5619}.Release|Any CPU.Build.0 = Release|Any CPU
		{F3CD2DB9-6B56-4C4A-B82E-657CC93E4777}.Debug|Any CPU.ActiveCfg = Debug|Any CPU
		{F3CD2DB9-6B56-4C4A-B82E-657CC93E4777}.Debug|Any CPU.Build.0 = Debug|Any CPU
		{F3CD2DB9-6B56-4C4A-B82E-657CC93E4777}.Release|Any CPU.ActiveCfg = Release|Any CPU
		{F3CD2DB9-6B56-4C4A-B82E-657CC93E4777}.Release|Any CPU.Build.0 = Release|Any CPU
		{49E3F56B-30AE-49FB-8423-55AB8BD4093B}.Debug|Any CPU.ActiveCfg = Debug|Any CPU
		{49E3F56B-30AE-49FB-8423-55AB8BD4093B}.Debug|Any CPU.Build.0 = Debug|Any CPU
		{49E3F56B-30AE-49FB-8423-55AB8BD4093B}.Release|Any CPU.ActiveCfg = Release|Any CPU
		{49E3F56B-30AE-49FB-8423-55AB8BD4093B}.Release|Any CPU.Build.0 = Release|Any CPU
		{C2F47D81-5086-4664-9776-63FD631BA5C2}.Debug|Any CPU.ActiveCfg = Debug|Any CPU
		{C2F47D81-5086-4664-9776-63FD631BA5C2}.Debug|Any CPU.Build.0 = Debug|Any CPU
		{C2F47D81-5086-4664-9776-63FD631BA5C2}.Release|Any CPU.ActiveCfg = Release|Any CPU
		{C2F47D81-5086-4664-9776-63FD631BA5C2}.Release|Any CPU.Build.0 = Release|Any CPU
		{E2ECAC5D-DA76-4062-BA20-B89E7F7BCB0D}.Debug|Any CPU.ActiveCfg = Debug|Any CPU
		{E2ECAC5D-DA76-4062-BA20-B89E7F7BCB0D}.Debug|Any CPU.Build.0 = Debug|Any CPU
		{E2ECAC5D-DA76-4062-BA20-B89E7F7BCB0D}.Release|Any CPU.ActiveCfg = Release|Any CPU
		{E2ECAC5D-DA76-4062-BA20-B89E7F7BCB0D}.Release|Any CPU.Build.0 = Release|Any CPU
		{64653178-1C0E-4CB2-B5F1-715BE4A24ED3}.Debug|Any CPU.ActiveCfg = Debug|Any CPU
		{64653178-1C0E-4CB2-B5F1-715BE4A24ED3}.Debug|Any CPU.Build.0 = Debug|Any CPU
		{64653178-1C0E-4CB2-B5F1-715BE4A24ED3}.Release|Any CPU.ActiveCfg = Release|Any CPU
		{64653178-1C0E-4CB2-B5F1-715BE4A24ED3}.Release|Any CPU.Build.0 = Release|Any CPU
		{2A330BFF-09B6-4F93-BC5A-5650AE4FF1F4}.Debug|Any CPU.ActiveCfg = Debug|Any CPU
		{2A330BFF-09B6-4F93-BC5A-5650AE4FF1F4}.Debug|Any CPU.Build.0 = Debug|Any CPU
		{2A330BFF-09B6-4F93-BC5A-5650AE4FF1F4}.Release|Any CPU.ActiveCfg = Release|Any CPU
		{2A330BFF-09B6-4F93-BC5A-5650AE4FF1F4}.Release|Any CPU.Build.0 = Release|Any CPU
		{2C475C08-0D6B-4DAB-A71F-2CA74E6FD348}.Debug|Any CPU.ActiveCfg = Debug|Any CPU
		{2C475C08-0D6B-4DAB-A71F-2CA74E6FD348}.Debug|Any CPU.Build.0 = Debug|Any CPU
		{2C475C08-0D6B-4DAB-A71F-2CA74E6FD348}.Release|Any CPU.ActiveCfg = Release|Any CPU
		{2C475C08-0D6B-4DAB-A71F-2CA74E6FD348}.Release|Any CPU.Build.0 = Release|Any CPU
		{45009EB1-7D93-4B09-ACF0-2F27891E9633}.Debug|Any CPU.ActiveCfg = Debug|Any CPU
		{45009EB1-7D93-4B09-ACF0-2F27891E9633}.Debug|Any CPU.Build.0 = Debug|Any CPU
		{45009EB1-7D93-4B09-ACF0-2F27891E9633}.Release|Any CPU.ActiveCfg = Release|Any CPU
		{45009EB1-7D93-4B09-ACF0-2F27891E9633}.Release|Any CPU.Build.0 = Release|Any CPU
		{ABA6152A-12AF-4AD5-BAAA-F559F8B388ED}.Debug|Any CPU.ActiveCfg = Debug|Any CPU
		{ABA6152A-12AF-4AD5-BAAA-F559F8B388ED}.Debug|Any CPU.Build.0 = Debug|Any CPU
		{ABA6152A-12AF-4AD5-BAAA-F559F8B388ED}.Release|Any CPU.ActiveCfg = Release|Any CPU
		{ABA6152A-12AF-4AD5-BAAA-F559F8B388ED}.Release|Any CPU.Build.0 = Release|Any CPU
		{BB8F6E78-FE1E-4170-9102-0A7DE1211F71}.Debug|Any CPU.ActiveCfg = Debug|Any CPU
		{BB8F6E78-FE1E-4170-9102-0A7DE1211F71}.Debug|Any CPU.Build.0 = Debug|Any CPU
		{BB8F6E78-FE1E-4170-9102-0A7DE1211F71}.Release|Any CPU.ActiveCfg = Release|Any CPU
		{BB8F6E78-FE1E-4170-9102-0A7DE1211F71}.Release|Any CPU.Build.0 = Release|Any CPU
		{1D55F409-98E4-437F-A252-CCCAE5659A45}.Debug|Any CPU.ActiveCfg = Debug|Any CPU
		{1D55F409-98E4-437F-A252-CCCAE5659A45}.Debug|Any CPU.Build.0 = Debug|Any CPU
		{1D55F409-98E4-437F-A252-CCCAE5659A45}.Release|Any CPU.ActiveCfg = Release|Any CPU
		{1D55F409-98E4-437F-A252-CCCAE5659A45}.Release|Any CPU.Build.0 = Release|Any CPU
		{7BBD50FF-E716-4707-A812-886273743B18}.Debug|Any CPU.ActiveCfg = Debug|Any CPU
		{7BBD50FF-E716-4707-A812-886273743B18}.Debug|Any CPU.Build.0 = Debug|Any CPU
		{7BBD50FF-E716-4707-A812-886273743B18}.Release|Any CPU.ActiveCfg = Release|Any CPU
		{7BBD50FF-E716-4707-A812-886273743B18}.Release|Any CPU.Build.0 = Release|Any CPU
		{529C984F-23C0-48DC-A17C-D4B678D08352}.Debug|Any CPU.ActiveCfg = Debug|Any CPU
		{529C984F-23C0-48DC-A17C-D4B678D08352}.Debug|Any CPU.Build.0 = Debug|Any CPU
		{529C984F-23C0-48DC-A17C-D4B678D08352}.Release|Any CPU.ActiveCfg = Release|Any CPU
		{529C984F-23C0-48DC-A17C-D4B678D08352}.Release|Any CPU.Build.0 = Release|Any CPU
		{3FA29191-C1C3-43AA-9DC9-98C550E3E7D8}.Debug|Any CPU.ActiveCfg = Debug|Any CPU
		{3FA29191-C1C3-43AA-9DC9-98C550E3E7D8}.Debug|Any CPU.Build.0 = Debug|Any CPU
		{3FA29191-C1C3-43AA-9DC9-98C550E3E7D8}.Release|Any CPU.ActiveCfg = Release|Any CPU
		{3FA29191-C1C3-43AA-9DC9-98C550E3E7D8}.Release|Any CPU.Build.0 = Release|Any CPU
		{2C8886A3-6488-46E5-B67D-6878DF3D77C7}.Debug|Any CPU.ActiveCfg = Debug|Any CPU
		{2C8886A3-6488-46E5-B67D-6878DF3D77C7}.Debug|Any CPU.Build.0 = Debug|Any CPU
		{2C8886A3-6488-46E5-B67D-6878DF3D77C7}.Release|Any CPU.ActiveCfg = Release|Any CPU
		{2C8886A3-6488-46E5-B67D-6878DF3D77C7}.Release|Any CPU.Build.0 = Release|Any CPU
		{7ED0202D-2121-4A15-8EC4-6256A4BA2AF8}.Debug|Any CPU.ActiveCfg = Debug|Any CPU
		{7ED0202D-2121-4A15-8EC4-6256A4BA2AF8}.Debug|Any CPU.Build.0 = Debug|Any CPU
		{7ED0202D-2121-4A15-8EC4-6256A4BA2AF8}.Release|Any CPU.ActiveCfg = Release|Any CPU
		{7ED0202D-2121-4A15-8EC4-6256A4BA2AF8}.Release|Any CPU.Build.0 = Release|Any CPU
		{2C854426-DBC9-48BA-B708-0918AF4CCFDD}.Debug|Any CPU.ActiveCfg = Debug|Any CPU
		{2C854426-DBC9-48BA-B708-0918AF4CCFDD}.Debug|Any CPU.Build.0 = Debug|Any CPU
		{2C854426-DBC9-48BA-B708-0918AF4CCFDD}.Release|Any CPU.ActiveCfg = Release|Any CPU
		{2C854426-DBC9-48BA-B708-0918AF4CCFDD}.Release|Any CPU.Build.0 = Release|Any CPU
		{26FA4348-1812-485B-A01E-41F65D7789D9}.Debug|Any CPU.ActiveCfg = Debug|Any CPU
		{26FA4348-1812-485B-A01E-41F65D7789D9}.Debug|Any CPU.Build.0 = Debug|Any CPU
		{26FA4348-1812-485B-A01E-41F65D7789D9}.Release|Any CPU.ActiveCfg = Release|Any CPU
		{26FA4348-1812-485B-A01E-41F65D7789D9}.Release|Any CPU.Build.0 = Release|Any CPU
		{951A8C89-5D4F-4439-87B0-E1C9165BCFBF}.Debug|Any CPU.ActiveCfg = Debug|Any CPU
		{951A8C89-5D4F-4439-87B0-E1C9165BCFBF}.Debug|Any CPU.Build.0 = Debug|Any CPU
		{951A8C89-5D4F-4439-87B0-E1C9165BCFBF}.Release|Any CPU.ActiveCfg = Release|Any CPU
		{951A8C89-5D4F-4439-87B0-E1C9165BCFBF}.Release|Any CPU.Build.0 = Release|Any CPU
		{DA20F202-5BD6-41AD-B3A7-2A26319BD184}.Debug|Any CPU.ActiveCfg = Debug|Any CPU
		{DA20F202-5BD6-41AD-B3A7-2A26319BD184}.Debug|Any CPU.Build.0 = Debug|Any CPU
		{DA20F202-5BD6-41AD-B3A7-2A26319BD184}.Release|Any CPU.ActiveCfg = Release|Any CPU
		{DA20F202-5BD6-41AD-B3A7-2A26319BD184}.Release|Any CPU.Build.0 = Release|Any CPU
		{97368563-A54B-4071-A0B3-0BB0CB62F39B}.Debug|Any CPU.ActiveCfg = Debug|Any CPU
		{97368563-A54B-4071-A0B3-0BB0CB62F39B}.Debug|Any CPU.Build.0 = Debug|Any CPU
		{97368563-A54B-4071-A0B3-0BB0CB62F39B}.Release|Any CPU.ActiveCfg = Release|Any CPU
		{97368563-A54B-4071-A0B3-0BB0CB62F39B}.Release|Any CPU.Build.0 = Release|Any CPU
		{D5C36ED4-3EBD-4D31-9937-5257AA5FA1EA}.Debug|Any CPU.ActiveCfg = Debug|Any CPU
		{D5C36ED4-3EBD-4D31-9937-5257AA5FA1EA}.Debug|Any CPU.Build.0 = Debug|Any CPU
		{D5C36ED4-3EBD-4D31-9937-5257AA5FA1EA}.Release|Any CPU.ActiveCfg = Release|Any CPU
		{D5C36ED4-3EBD-4D31-9937-5257AA5FA1EA}.Release|Any CPU.Build.0 = Release|Any CPU
		{46FC000B-69A6-4DF7-94F0-BC485587D44F}.Debug|Any CPU.ActiveCfg = Debug|Any CPU
		{46FC000B-69A6-4DF7-94F0-BC485587D44F}.Debug|Any CPU.Build.0 = Debug|Any CPU
		{46FC000B-69A6-4DF7-94F0-BC485587D44F}.Release|Any CPU.ActiveCfg = Release|Any CPU
		{46FC000B-69A6-4DF7-94F0-BC485587D44F}.Release|Any CPU.Build.0 = Release|Any CPU
		{66517239-B665-4DCC-9E81-064F3CDB6641}.Debug|Any CPU.ActiveCfg = Debug|Any CPU
		{66517239-B665-4DCC-9E81-064F3CDB6641}.Debug|Any CPU.Build.0 = Debug|Any CPU
		{66517239-B665-4DCC-9E81-064F3CDB6641}.Release|Any CPU.ActiveCfg = Release|Any CPU
		{66517239-B665-4DCC-9E81-064F3CDB6641}.Release|Any CPU.Build.0 = Release|Any CPU
		{1E73C73C-5C88-403B-8058-D5A9A6A07842}.Debug|Any CPU.ActiveCfg = Debug|Any CPU
		{1E73C73C-5C88-403B-8058-D5A9A6A07842}.Debug|Any CPU.Build.0 = Debug|Any CPU
		{1E73C73C-5C88-403B-8058-D5A9A6A07842}.Release|Any CPU.ActiveCfg = Release|Any CPU
		{1E73C73C-5C88-403B-8058-D5A9A6A07842}.Release|Any CPU.Build.0 = Release|Any CPU
		{6DE7EA83-B826-4EC3-9E71-7F00392CBEF6}.Debug|Any CPU.ActiveCfg = Debug|Any CPU
		{6DE7EA83-B826-4EC3-9E71-7F00392CBEF6}.Debug|Any CPU.Build.0 = Debug|Any CPU
		{6DE7EA83-B826-4EC3-9E71-7F00392CBEF6}.Release|Any CPU.ActiveCfg = Release|Any CPU
		{6DE7EA83-B826-4EC3-9E71-7F00392CBEF6}.Release|Any CPU.Build.0 = Release|Any CPU
		{ADA98327-0724-4F36-B038-D5D4FFFAA6B4}.Debug|Any CPU.ActiveCfg = Debug|Any CPU
		{ADA98327-0724-4F36-B038-D5D4FFFAA6B4}.Debug|Any CPU.Build.0 = Debug|Any CPU
		{ADA98327-0724-4F36-B038-D5D4FFFAA6B4}.Release|Any CPU.ActiveCfg = Release|Any CPU
		{ADA98327-0724-4F36-B038-D5D4FFFAA6B4}.Release|Any CPU.Build.0 = Release|Any CPU
		{CCB7BE48-80C2-455B-A5A4-8DA1D080FA22}.Debug|Any CPU.ActiveCfg = Debug|Any CPU
		{CCB7BE48-80C2-455B-A5A4-8DA1D080FA22}.Debug|Any CPU.Build.0 = Debug|Any CPU
		{CCB7BE48-80C2-455B-A5A4-8DA1D080FA22}.Release|Any CPU.ActiveCfg = Release|Any CPU
		{CCB7BE48-80C2-455B-A5A4-8DA1D080FA22}.Release|Any CPU.Build.0 = Release|Any CPU
		{6740DC2C-C2C5-44B8-A76D-B03B78B2CEC1}.Debug|Any CPU.ActiveCfg = Debug|Any CPU
		{6740DC2C-C2C5-44B8-A76D-B03B78B2CEC1}.Debug|Any CPU.Build.0 = Debug|Any CPU
		{6740DC2C-C2C5-44B8-A76D-B03B78B2CEC1}.Release|Any CPU.ActiveCfg = Release|Any CPU
		{6740DC2C-C2C5-44B8-A76D-B03B78B2CEC1}.Release|Any CPU.Build.0 = Release|Any CPU
		{77294743-6C04-447C-B1AF-9FC777BE7718}.Debug|Any CPU.ActiveCfg = Debug|Any CPU
		{77294743-6C04-447C-B1AF-9FC777BE7718}.Debug|Any CPU.Build.0 = Debug|Any CPU
		{77294743-6C04-447C-B1AF-9FC777BE7718}.Release|Any CPU.ActiveCfg = Release|Any CPU
		{77294743-6C04-447C-B1AF-9FC777BE7718}.Release|Any CPU.Build.0 = Release|Any CPU
		{41701298-BA62-4076-B38D-0C63AB7A5883}.Debug|Any CPU.ActiveCfg = Debug|Any CPU
		{41701298-BA62-4076-B38D-0C63AB7A5883}.Debug|Any CPU.Build.0 = Debug|Any CPU
		{41701298-BA62-4076-B38D-0C63AB7A5883}.Release|Any CPU.ActiveCfg = Release|Any CPU
		{41701298-BA62-4076-B38D-0C63AB7A5883}.Release|Any CPU.Build.0 = Release|Any CPU
		{43633B37-5CF9-4082-9FBB-E744023CC05C}.Debug|Any CPU.ActiveCfg = Debug|Any CPU
		{43633B37-5CF9-4082-9FBB-E744023CC05C}.Debug|Any CPU.Build.0 = Debug|Any CPU
		{43633B37-5CF9-4082-9FBB-E744023CC05C}.Release|Any CPU.ActiveCfg = Release|Any CPU
		{43633B37-5CF9-4082-9FBB-E744023CC05C}.Release|Any CPU.Build.0 = Release|Any CPU
		{DDB97DBD-36E5-4E85-81BC-BD80679B40C0}.Debug|Any CPU.ActiveCfg = Debug|Any CPU
		{DDB97DBD-36E5-4E85-81BC-BD80679B40C0}.Debug|Any CPU.Build.0 = Debug|Any CPU
		{DDB97DBD-36E5-4E85-81BC-BD80679B40C0}.Release|Any CPU.ActiveCfg = Release|Any CPU
		{DDB97DBD-36E5-4E85-81BC-BD80679B40C0}.Release|Any CPU.Build.0 = Release|Any CPU
		{5E551CE9-0903-4382-B2B7-122C3EB7B4C4}.Debug|Any CPU.ActiveCfg = Debug|Any CPU
		{5E551CE9-0903-4382-B2B7-122C3EB7B4C4}.Debug|Any CPU.Build.0 = Debug|Any CPU
		{5E551CE9-0903-4382-B2B7-122C3EB7B4C4}.Release|Any CPU.ActiveCfg = Release|Any CPU
		{5E551CE9-0903-4382-B2B7-122C3EB7B4C4}.Release|Any CPU.Build.0 = Release|Any CPU
	EndGlobalSection
	GlobalSection(SolutionProperties) = preSolution
		HideSolutionNode = FALSE
	EndGlobalSection
	GlobalSection(ExtensibilityGlobals) = postSolution
		SolutionGuid = {55C85321-3FD3-4DC2-99A1-087E71F04318}
	EndGlobalSection
EndGlobal
