
Microsoft Visual Studio Solution File, Format Version 12.00
# Visual Studio Version 17
VisualStudioVersion = 17.3.32611.2
MinimumVisualStudioVersion = 10.0.40219.1
Project("{FAE04EC0-301F-11D3-BF4B-00C04F79EFBC}") = "Assignment2", "Assignment2\Assignment2.csproj", "{8522A0E8-BFE7-4122-B83E-75AB0282E894}"
EndProject
Global
	GlobalSection(SolutionConfigurationPlatforms) = preSolution
		Debug|Any CPU = Debug|Any CPU
		Release|Any CPU = Release|Any CPU
	EndGlobalSection
	GlobalSection(ProjectConfigurationPlatforms) = postSolution
		{8522A0E8-BFE7-4122-B83E-75AB0282E894}.Debug|Any CPU.ActiveCfg = Debug|Any CPU
		{8522A0E8-BFE7-4122-B83E-75AB0282E894}.Debug|Any CPU.Build.0 = Debug|Any CPU
		{8522A0E8-BFE7-4122-B83E-75AB0282E894}.Release|Any CPU.ActiveCfg = Release|Any CPU
		{8522A0E8-BFE7-4122-B83E-75AB0282E894}.Release|Any CPU.Build.0 = Release|Any CPU
	EndGlobalSection
	GlobalSection(SolutionProperties) = preSolution
		HideSolutionNode = FALSE
	EndGlobalSection
	GlobalSection(ExtensibilityGlobals) = postSolution
		SolutionGuid = {55C85321-3FD3-4DC2-99A1-087E71F04318}
	EndGlobalSection
EndGlobal
