
Microsoft Visual Studio Solution File, Format Version 12.00
# Visual Studio Version 17
VisualStudioVersion = 17.3.32611.2
MinimumVisualStudioVersion = 10.0.40219.1
Project("{9A19103F-16F7-4668-BE54-9A1E7A4F7556}") = "327A", "327A\327A.csproj", "{2A1B3B83-92A4-40E8-BE21-A0144D5DE03E}"
EndProject
Project("{9A19103F-16F7-4668-BE54-9A1E7A4F7556}") = "474B", "474B\474B.csproj", "{78A232AC-1F9D-415A-A9CC-D61CBE8C3C53}"
EndProject
Project("{9A19103F-16F7-4668-BE54-9A1E7A4F7556}") = "1343C", "1343C\1343C.csproj", "{8776EB0D-5D85-451F-9B8A-FA0D89AA9526}"
EndProject
Project("{9A19103F-16F7-4668-BE54-9A1E7A4F7556}") = "1352C", "1352C\1352C.csproj", "{260A4E60-957A-475F-887D-A3E83F4CFF37}"
EndProject
Project("{9A19103F-16F7-4668-BE54-9A1E7A4F7556}") = "1363A", "1363A\1363A.csproj", "{9D970A6F-6326-4037-B0DC-C2D42C8EEF9A}"
EndProject
Project("{9A19103F-16F7-4668-BE54-9A1E7A4F7556}") = "1520D", "1520D\1520D.csproj", "{EBB2A238-871A-4BDF-8E45-A8EC629B9C4E}"
EndProject
Project("{9A19103F-16F7-4668-BE54-9A1E7A4F7556}") = "1352B", "1352B\1352B.csproj", "{6C2691D7-7D43-4C62-ACAA-D4785919C8DE}"
EndProject
Project("{9A19103F-16F7-4668-BE54-9A1E7A4F7556}") = "514A", "514A\514A.csproj", "{DDA1433F-0F44-45C8-988F-B6330CF87F45}"
EndProject
Project("{9A19103F-16F7-4668-BE54-9A1E7A4F7556}") = "459A", "459A\459A.csproj", "{BA022402-086A-4327-B620-CF95051BFA75}"
EndProject
Project("{9A19103F-16F7-4668-BE54-9A1E7A4F7556}") = "1328C", "1328C\1328C.csproj", "{7ECA8C84-7705-4740-995E-478BD1CF7524}"
EndProject
Project("{9A19103F-16F7-4668-BE54-9A1E7A4F7556}") = "433B", "433B\433B.csproj", "{0DCF1B96-82D2-419E-A885-9F97AAEC2F1B}"
EndProject
Project("{9A19103F-16F7-4668-BE54-9A1E7A4F7556}") = "1399C", "1399C\1399C.csproj", "{E8FF6495-6C3A-44FD-BEF1-AEBB00505019}"
EndProject
Project("{9A19103F-16F7-4668-BE54-9A1E7A4F7556}") = "1354B", "1354B\1354B.csproj", "{5791C6CC-BEFD-485B-AC33-92847584EA2F}"
EndProject
Project("{9A19103F-16F7-4668-BE54-9A1E7A4F7556}") = "1385C", "1385C\1385C.csproj", "{B14911BE-761F-47E9-8969-592577633576}"
EndProject
Project("{9A19103F-16F7-4668-BE54-9A1E7A4F7556}") = "977C", "977C\977C.csproj", "{E718D0F1-7B74-4DB5-8B79-D2F44878315D}"
EndProject
Project("{9A19103F-16F7-4668-BE54-9A1E7A4F7556}") = "1624A", "1624A\1624A.csproj", "{38F83683-074A-4000-8A7C-19247D5B7E08}"
EndProject
Project("{9A19103F-16F7-4668-BE54-9A1E7A4F7556}") = "1692A", "1692A\1692A.csproj", "{89507217-154B-47FB-BBD2-6BC68E2D776E}"
EndProject
Project("{9A19103F-16F7-4668-BE54-9A1E7A4F7556}") = "1619A", "1619A\1619A.csproj", "{6ECC39FB-DD55-4135-81EA-3480F3A73796}"
EndProject
Project("{9A19103F-16F7-4668-BE54-9A1E7A4F7556}") = "1426A", "1426A\1426A.csproj", "{E0C47912-456B-4917-91EB-0B0B8A1DCE42}"
EndProject
Project("{FAE04EC0-301F-11D3-BF4B-00C04F79EFBC}") = "80A", "80A\80A.csproj", "{33C642BF-CD8E-43C6-8780-D72F45672AB7}"
EndProject
Global
	GlobalSection(SolutionConfigurationPlatforms) = preSolution
		Debug|Any CPU = Debug|Any CPU
		Release|Any CPU = Release|Any CPU
	EndGlobalSection
	GlobalSection(ProjectConfigurationPlatforms) = postSolution
		{2A1B3B83-92A4-40E8-BE21-A0144D5DE03E}.Debug|Any CPU.ActiveCfg = Debug|Any CPU
		{2A1B3B83-92A4-40E8-BE21-A0144D5DE03E}.Debug|Any CPU.Build.0 = Debug|Any CPU
		{2A1B3B83-92A4-40E8-BE21-A0144D5DE03E}.Release|Any CPU.ActiveCfg = Release|Any CPU
		{2A1B3B83-92A4-40E8-BE21-A0144D5DE03E}.Release|Any CPU.Build.0 = Release|Any CPU
		{78A232AC-1F9D-415A-A9CC-D61CBE8C3C53}.Debug|Any CPU.ActiveCfg = Debug|Any CPU
		{78A232AC-1F9D-415A-A9CC-D61CBE8C3C53}.Debug|Any CPU.Build.0 = Debug|Any CPU
		{78A232AC-1F9D-415A-A9CC-D61CBE8C3C53}.Release|Any CPU.ActiveCfg = Release|Any CPU
		{78A232AC-1F9D-415A-A9CC-D61CBE8C3C53}.Release|Any CPU.Build.0 = Release|Any CPU
		{8776EB0D-5D85-451F-9B8A-FA0D89AA9526}.Debug|Any CPU.ActiveCfg = Debug|Any CPU
		{8776EB0D-5D85-451F-9B8A-FA0D89AA9526}.Debug|Any CPU.Build.0 = Debug|Any CPU
		{8776EB0D-5D85-451F-9B8A-FA0D89AA9526}.Release|Any CPU.ActiveCfg = Release|Any CPU
		{8776EB0D-5D85-451F-9B8A-FA0D89AA9526}.Release|Any CPU.Build.0 = Release|Any CPU
		{260A4E60-957A-475F-887D-A3E83F4CFF37}.Debug|Any CPU.ActiveCfg = Debug|Any CPU
		{260A4E60-957A-475F-887D-A3E83F4CFF37}.Debug|Any CPU.Build.0 = Debug|Any CPU
		{260A4E60-957A-475F-887D-A3E83F4CFF37}.Release|Any CPU.ActiveCfg = Release|Any CPU
		{260A4E60-957A-475F-887D-A3E83F4CFF37}.Release|Any CPU.Build.0 = Release|Any CPU
		{9D970A6F-6326-4037-B0DC-C2D42C8EEF9A}.Debug|Any CPU.ActiveCfg = Debug|Any CPU
		{9D970A6F-6326-4037-B0DC-C2D42C8EEF9A}.Debug|Any CPU.Build.0 = Debug|Any CPU
		{9D970A6F-6326-4037-B0DC-C2D42C8EEF9A}.Release|Any CPU.ActiveCfg = Release|Any CPU
		{9D970A6F-6326-4037-B0DC-C2D42C8EEF9A}.Release|Any CPU.Build.0 = Release|Any CPU
		{EBB2A238-871A-4BDF-8E45-A8EC629B9C4E}.Debug|Any CPU.ActiveCfg = Debug|Any CPU
		{EBB2A238-871A-4BDF-8E45-A8EC629B9C4E}.Debug|Any CPU.Build.0 = Debug|Any CPU
		{EBB2A238-871A-4BDF-8E45-A8EC629B9C4E}.Release|Any CPU.ActiveCfg = Release|Any CPU
		{EBB2A238-871A-4BDF-8E45-A8EC629B9C4E}.Release|Any CPU.Build.0 = Release|Any CPU
		{6C2691D7-7D43-4C62-ACAA-D4785919C8DE}.Debug|Any CPU.ActiveCfg = Debug|Any CPU
		{6C2691D7-7D43-4C62-ACAA-D4785919C8DE}.Debug|Any CPU.Build.0 = Debug|Any CPU
		{6C2691D7-7D43-4C62-ACAA-D4785919C8DE}.Release|Any CPU.ActiveCfg = Release|Any CPU
		{6C2691D7-7D43-4C62-ACAA-D4785919C8DE}.Release|Any CPU.Build.0 = Release|Any CPU
		{DDA1433F-0F44-45C8-988F-B6330CF87F45}.Debug|Any CPU.ActiveCfg = Debug|Any CPU
		{DDA1433F-0F44-45C8-988F-B6330CF87F45}.Debug|Any CPU.Build.0 = Debug|Any CPU
		{DDA1433F-0F44-45C8-988F-B6330CF87F45}.Release|Any CPU.ActiveCfg = Release|Any CPU
		{DDA1433F-0F44-45C8-988F-B6330CF87F45}.Release|Any CPU.Build.0 = Release|Any CPU
		{BA022402-086A-4327-B620-CF95051BFA75}.Debug|Any CPU.ActiveCfg = Debug|Any CPU
		{BA022402-086A-4327-B620-CF95051BFA75}.Debug|Any CPU.Build.0 = Debug|Any CPU
		{BA022402-086A-4327-B620-CF95051BFA75}.Release|Any CPU.ActiveCfg = Release|Any CPU
		{BA022402-086A-4327-B620-CF95051BFA75}.Release|Any CPU.Build.0 = Release|Any CPU
		{7ECA8C84-7705-4740-995E-478BD1CF7524}.Debug|Any CPU.ActiveCfg = Debug|Any CPU
		{7ECA8C84-7705-4740-995E-478BD1CF7524}.Debug|Any CPU.Build.0 = Debug|Any CPU
		{7ECA8C84-7705-4740-995E-478BD1CF7524}.Release|Any CPU.ActiveCfg = Release|Any CPU
		{7ECA8C84-7705-4740-995E-478BD1CF7524}.Release|Any CPU.Build.0 = Release|Any CPU
		{0DCF1B96-82D2-419E-A885-9F97AAEC2F1B}.Debug|Any CPU.ActiveCfg = Debug|Any CPU
		{0DCF1B96-82D2-419E-A885-9F97AAEC2F1B}.Debug|Any CPU.Build.0 = Debug|Any CPU
		{0DCF1B96-82D2-419E-A885-9F97AAEC2F1B}.Release|Any CPU.ActiveCfg = Release|Any CPU
		{0DCF1B96-82D2-419E-A885-9F97AAEC2F1B}.Release|Any CPU.Build.0 = Release|Any CPU
		{E8FF6495-6C3A-44FD-BEF1-AEBB00505019}.Debug|Any CPU.ActiveCfg = Debug|Any CPU
		{E8FF6495-6C3A-44FD-BEF1-AEBB00505019}.Debug|Any CPU.Build.0 = Debug|Any CPU
		{E8FF6495-6C3A-44FD-BEF1-AEBB00505019}.Release|Any CPU.ActiveCfg = Release|Any CPU
		{E8FF6495-6C3A-44FD-BEF1-AEBB00505019}.Release|Any CPU.Build.0 = Release|Any CPU
		{5791C6CC-BEFD-485B-AC33-92847584EA2F}.Debug|Any CPU.ActiveCfg = Debug|Any CPU
		{5791C6CC-BEFD-485B-AC33-92847584EA2F}.Debug|Any CPU.Build.0 = Debug|Any CPU
		{5791C6CC-BEFD-485B-AC33-92847584EA2F}.Release|Any CPU.ActiveCfg = Release|Any CPU
		{5791C6CC-BEFD-485B-AC33-92847584EA2F}.Release|Any CPU.Build.0 = Release|Any CPU
		{B14911BE-761F-47E9-8969-592577633576}.Debug|Any CPU.ActiveCfg = Debug|Any CPU
		{B14911BE-761F-47E9-8969-592577633576}.Debug|Any CPU.Build.0 = Debug|Any CPU
		{B14911BE-761F-47E9-8969-592577633576}.Release|Any CPU.ActiveCfg = Release|Any CPU
		{B14911BE-761F-47E9-8969-592577633576}.Release|Any CPU.Build.0 = Release|Any CPU
		{E718D0F1-7B74-4DB5-8B79-D2F44878315D}.Debug|Any CPU.ActiveCfg = Debug|Any CPU
		{E718D0F1-7B74-4DB5-8B79-D2F44878315D}.Debug|Any CPU.Build.0 = Debug|Any CPU
		{E718D0F1-7B74-4DB5-8B79-D2F44878315D}.Release|Any CPU.ActiveCfg = Release|Any CPU
		{E718D0F1-7B74-4DB5-8B79-D2F44878315D}.Release|Any CPU.Build.0 = Release|Any CPU
		{38F83683-074A-4000-8A7C-19247D5B7E08}.Debug|Any CPU.ActiveCfg = Debug|Any CPU
		{38F83683-074A-4000-8A7C-19247D5B7E08}.Debug|Any CPU.Build.0 = Debug|Any CPU
		{38F83683-074A-4000-8A7C-19247D5B7E08}.Release|Any CPU.ActiveCfg = Release|Any CPU
		{38F83683-074A-4000-8A7C-19247D5B7E08}.Release|Any CPU.Build.0 = Release|Any CPU
		{89507217-154B-47FB-BBD2-6BC68E2D776E}.Debug|Any CPU.ActiveCfg = Debug|Any CPU
		{89507217-154B-47FB-BBD2-6BC68E2D776E}.Debug|Any CPU.Build.0 = Debug|Any CPU
		{89507217-154B-47FB-BBD2-6BC68E2D776E}.Release|Any CPU.ActiveCfg = Release|Any CPU
		{89507217-154B-47FB-BBD2-6BC68E2D776E}.Release|Any CPU.Build.0 = Release|Any CPU
		{6ECC39FB-DD55-4135-81EA-3480F3A73796}.Debug|Any CPU.ActiveCfg = Debug|Any CPU
		{6ECC39FB-DD55-4135-81EA-3480F3A73796}.Debug|Any CPU.Build.0 = Debug|Any CPU
		{6ECC39FB-DD55-4135-81EA-3480F3A73796}.Release|Any CPU.ActiveCfg = Release|Any CPU
		{6ECC39FB-DD55-4135-81EA-3480F3A73796}.Release|Any CPU.Build.0 = Release|Any CPU
		{E0C47912-456B-4917-91EB-0B0B8A1DCE42}.Debug|Any CPU.ActiveCfg = Debug|Any CPU
		{E0C47912-456B-4917-91EB-0B0B8A1DCE42}.Debug|Any CPU.Build.0 = Debug|Any CPU
		{E0C47912-456B-4917-91EB-0B0B8A1DCE42}.Release|Any CPU.ActiveCfg = Release|Any CPU
		{E0C47912-456B-4917-91EB-0B0B8A1DCE42}.Release|Any CPU.Build.0 = Release|Any CPU
		{33C642BF-CD8E-43C6-8780-D72F45672AB7}.Debug|Any CPU.ActiveCfg = Debug|Any CPU
		{33C642BF-CD8E-43C6-8780-D72F45672AB7}.Debug|Any CPU.Build.0 = Debug|Any CPU
		{33C642BF-CD8E-43C6-8780-D72F45672AB7}.Release|Any CPU.ActiveCfg = Release|Any CPU
		{33C642BF-CD8E-43C6-8780-D72F45672AB7}.Release|Any CPU.Build.0 = Release|Any CPU
	EndGlobalSection
	GlobalSection(SolutionProperties) = preSolution
		HideSolutionNode = FALSE
	EndGlobalSection
	GlobalSection(ExtensibilityGlobals) = postSolution
		SolutionGuid = {55C85321-3FD3-4DC2-99A1-087E71F04318}
	EndGlobalSection
EndGlobal
