
Microsoft Visual Studio Solution File, Format Version 12.00
# Visual Studio Version 17
VisualStudioVersion = 17.0.31903.59
MinimumVisualStudioVersion = 10.0.40219.1
Project("{FAE04EC0-301F-11D3-BF4B-00C04F79EFBC}") = "assignment7", "assignment7.csproj", "{73C90603-904A-45B3-94F3-69E1A58CB12D}"
EndProject
Global
	GlobalSection(SolutionConfigurationPlatforms) = preSolution
		Debug|Any CPU = Debug|Any CPU
		Release|Any CPU = Release|Any CPU
	EndGlobalSection
	GlobalSection(SolutionProperties) = preSolution
		HideSolutionNode = FALSE
	EndGlobalSection
	GlobalSection(ProjectConfigurationPlatforms) = postSolution
		{73C90603-904A-45B3-94F3-69E1A58CB12D}.Debug|Any CPU.ActiveCfg = Debug|Any CPU
		{73C90603-904A-45B3-94F3-69E1A58CB12D}.Debug|Any CPU.Build.0 = Debug|Any CPU
		{73C90603-904A-45B3-94F3-69E1A58CB12D}.Release|Any CPU.ActiveCfg = Release|Any CPU
		{73C90603-904A-45B3-94F3-69E1A58CB12D}.Release|Any CPU.Build.0 = Release|Any CPU
	EndGlobalSection
EndGlobal
