
Microsoft Visual Studio Solution File, Format Version 12.00
# Visual Studio Version 17
VisualStudioVersion = 17.5.33103.201
MinimumVisualStudioVersion = 10.0.40219.1
Project("{9A19103F-16F7-4668-BE54-9A1E7A4F7556}") = "StockData.Worker", "StockData.Worker\StockData.Worker.csproj", "{61F859D9-8164-4198-8092-C694D4ECE2F9}"
EndProject
Project("{FAE04EC0-301F-11D3-BF4B-00C04F79EFBC}") = "StockData.Infrastructure", "StockData.Infrastructure\StockData.Infrastructure.csproj", "{702625BF-170B-439F-AF44-F55D1CE4ACBD}"
EndProject
Global
	GlobalSection(SolutionConfigurationPlatforms) = preSolution
		Debug|Any CPU = Debug|Any CPU
		Release|Any CPU = Release|Any CPU
	EndGlobalSection
	GlobalSection(ProjectConfigurationPlatforms) = postSolution
		{61F859D9-8164-4198-8092-C694D4ECE2F9}.Debug|Any CPU.ActiveCfg = Debug|Any CPU
		{61F859D9-8164-4198-8092-C694D4ECE2F9}.Debug|Any CPU.Build.0 = Debug|Any CPU
		{61F859D9-8164-4198-8092-C694D4ECE2F9}.Release|Any CPU.ActiveCfg = Release|Any CPU
		{61F859D9-8164-4198-8092-C694D4ECE2F9}.Release|Any CPU.Build.0 = Release|Any CPU
		{702625BF-170B-439F-AF44-F55D1CE4ACBD}.Debug|Any CPU.ActiveCfg = Debug|Any CPU
		{702625BF-170B-439F-AF44-F55D1CE4ACBD}.Debug|Any CPU.Build.0 = Debug|Any CPU
		{702625BF-170B-439F-AF44-F55D1CE4ACBD}.Release|Any CPU.ActiveCfg = Release|Any CPU
		{702625BF-170B-439F-AF44-F55D1CE4ACBD}.Release|Any CPU.Build.0 = Release|Any CPU
	EndGlobalSection
	GlobalSection(SolutionProperties) = preSolution
		HideSolutionNode = FALSE
	EndGlobalSection
	GlobalSection(ExtensibilityGlobals) = postSolution
		SolutionGuid = {42F3719E-7EB1-461A-961D-3F7DFA19AEFD}
	EndGlobalSection
EndGlobal
